// !$*UTF8*$!
{
	archiveVersion = 1;
	classes = {
	};
	objectVersion = 55;
	objects = {

/* Begin PBXBuildFile section */
		BAEFF20727CF758C00BB0EA6 /* AppDelegate.swift in Sources */ = {isa = PBXBuildFile; fileRef = BAEFF20627CF758C00BB0EA6 /* AppDelegate.swift */; };
		BAEFF20927CF758C00BB0EA6 /* ViewController.swift in Sources */ = {isa = PBXBuildFile; fileRef = BAEFF20827CF758C00BB0EA6 /* ViewController.swift */; };
		BAEFF20B27CF758C00BB0EA6 /* Experience.rcproject in Sources */ = {isa = PBXBuildFile; fileRef = BAEFF20A27CF758C00BB0EA6 /* Experience.rcproject */; };
		BAEFF20E27CF758C00BB0EA6 /* Main.storyboard in Resources */ = {isa = PBXBuildFile; fileRef = BAEFF20C27CF758C00BB0EA6 /* Main.storyboard */; };
		BAEFF21027CF758E00BB0EA6 /* Assets.xcassets in Resources */ = {isa = PBXBuildFile; fileRef = BAEFF20F27CF758E00BB0EA6 /* Assets.xcassets */; };
		BAEFF21327CF758E00BB0EA6 /* LaunchScreen.storyboard in Resources */ = {isa = PBXBuildFile; fileRef = BAEFF21127CF758E00BB0EA6 /* LaunchScreen.storyboard */; };
		BAEFF23627CF769E00BB0EA6 /* PresentVC.swift in Sources */ = {isa = PBXBuildFile; fileRef = BAEFF23527CF769E00BB0EA6 /* PresentVC.swift */; };
/* End PBXBuildFile section */

/* Begin PBXContainerItemProxy section */
		BAEFF21927CF758E00BB0EA6 /* PBXContainerItemProxy */ = {
			isa = PBXContainerItemProxy;
			containerPortal = BAEFF1FB27CF758C00BB0EA6 /* Project object */;
			proxyType = 1;
			remoteGlobalIDString = BAEFF20227CF758C00BB0EA6;
			remoteInfo = testApp;
		};
		BAEFF22327CF758E00BB0EA6 /* PBXContainerItemProxy */ = {
			isa = PBXContainerItemProxy;
			containerPortal = BAEFF1FB27CF758C00BB0EA6 /* Project object */;
			proxyType = 1;
			remoteGlobalIDString = BAEFF20227CF758C00BB0EA6;
			remoteInfo = testApp;
		};
/* End PBXContainerItemProxy section */

/* Begin PBXFileReference section */
		BAEFF20327CF758C00BB0EA6 /* testApp.app */ = {isa = PBXFileReference; explicitFileType = wrapper.application; includeInIndex = 0; path = testApp.app; sourceTree = BUILT_PRODUCTS_DIR; };
		BAEFF20627CF758C00BB0EA6 /* AppDelegate.swift */ = {isa = PBXFileReference; lastKnownFileType = sourcecode.swift; path = AppDelegate.swift; sourceTree = "<group>"; };
		BAEFF20827CF758C00BB0EA6 /* ViewController.swift */ = {isa = PBXFileReference; lastKnownFileType = sourcecode.swift; path = ViewController.swift; sourceTree = "<group>"; };
		BAEFF20A27CF758C00BB0EA6 /* Experience.rcproject */ = {isa = PBXFileReference; lastKnownFileType = file.rcproject; path = Experience.rcproject; sourceTree = "<group>"; };
		BAEFF20D27CF758C00BB0EA6 /* Base */ = {isa = PBXFileReference; lastKnownFileType = file.storyboard; name = Base; path = Base.lproj/Main.storyboard; sourceTree = "<group>"; };
		BAEFF20F27CF758E00BB0EA6 /* Assets.xcassets */ = {isa = PBXFileReference; lastKnownFileType = folder.assetcatalog; path = Assets.xcassets; sourceTree = "<group>"; };
		BAEFF21227CF758E00BB0EA6 /* Base */ = {isa = PBXFileReference; lastKnownFileType = file.storyboard; name = Base; path = Base.lproj/LaunchScreen.storyboard; sourceTree = "<group>"; };
		BAEFF21827CF758E00BB0EA6 /* testAppTests.xctest */ = {isa = PBXFileReference; explicitFileType = wrapper.cfbundle; includeInIndex = 0; path = testAppTests.xctest; sourceTree = BUILT_PRODUCTS_DIR; };
		BAEFF22227CF758E00BB0EA6 /* testAppUITests.xctest */ = {isa = PBXFileReference; explicitFileType = wrapper.cfbundle; includeInIndex = 0; path = testAppUITests.xctest; sourceTree = BUILT_PRODUCTS_DIR; };
		BAEFF23527CF769E00BB0EA6 /* PresentVC.swift */ = {isa = PBXFileReference; lastKnownFileType = sourcecode.swift; path = PresentVC.swift; sourceTree = "<group>"; };
/* End PBXFileReference section */

/* Begin PBXFrameworksBuildPhase section */
		BAEFF20027CF758C00BB0EA6 /* Frameworks */ = {
			isa = PBXFrameworksBuildPhase;
			buildActionMask = 2147483647;
			files = (
			);
			runOnlyForDeploymentPostprocessing = 0;
		};
		BAEFF21527CF758E00BB0EA6 /* Frameworks */ = {
			isa = PBXFrameworksBuildPhase;
			buildActionMask = 2147483647;
			files = (
			);
			runOnlyForDeploymentPostprocessing = 0;
		};
		BAEFF21F27CF758E00BB0EA6 /* Frameworks */ = {
			isa = PBXFrameworksBuildPhase;
			buildActionMask = 2147483647;
			files = (
			);
			runOnlyForDeploymentPostprocessing = 0;
		};
/* End PBXFrameworksBuildPhase section */

/* Begin PBXGroup section */
		BAEFF1FA27CF758C00BB0EA6 = {
			isa = PBXGroup;
			children = (
				BAEFF20527CF758C00BB0EA6 /* testApp */,
				BAEFF20427CF758C00BB0EA6 /* Products */,
			);
			sourceTree = "<group>";
		};
		BAEFF20427CF758C00BB0EA6 /* Products */ = {
			isa = PBXGroup;
			children = (
				BAEFF20327CF758C00BB0EA6 /* testApp.app */,
				BAEFF21827CF758E00BB0EA6 /* testAppTests.xctest */,
				BAEFF22227CF758E00BB0EA6 /* testAppUITests.xctest */,
			);
			name = Products;
			sourceTree = "<group>";
		};
		BAEFF20527CF758C00BB0EA6 /* testApp */ = {
			isa = PBXGroup;
			children = (
				BAEFF20627CF758C00BB0EA6 /* AppDelegate.swift */,
				BAEFF20827CF758C00BB0EA6 /* ViewController.swift */,
				BAEFF23527CF769E00BB0EA6 /* PresentVC.swift */,
				BAEFF20A27CF758C00BB0EA6 /* Experience.rcproject */,
				BAEFF20C27CF758C00BB0EA6 /* Main.storyboard */,
				BAEFF20F27CF758E00BB0EA6 /* Assets.xcassets */,
				BAEFF21127CF758E00BB0EA6 /* LaunchScreen.storyboard */,
			);
			path = testApp;
			sourceTree = "<group>";
		};
/* End PBXGroup section */

/* Begin PBXNativeTarget section */
		BAEFF20227CF758C00BB0EA6 /* testApp */ = {
			isa = PBXNativeTarget;
			buildConfigurationList = BAEFF22C27CF758E00BB0EA6 /* Build configuration list for PBXNativeTarget "testApp" */;
			buildPhases = (
				BAEFF1FF27CF758C00BB0EA6 /* Sources */,
				BAEFF20027CF758C00BB0EA6 /* Frameworks */,
				BAEFF20127CF758C00BB0EA6 /* Resources */,
			);
			buildRules = (
			);
			dependencies = (
			);
			name = testApp;
			productName = testApp;
			productReference = BAEFF20327CF758C00BB0EA6 /* testApp.app */;
			productType = "com.apple.product-type.application";
		};
		BAEFF21727CF758E00BB0EA6 /* testAppTests */ = {
			isa = PBXNativeTarget;
			buildConfigurationList = BAEFF22F27CF758E00BB0EA6 /* Build configuration list for PBXNativeTarget "testAppTests" */;
			buildPhases = (
				BAEFF21427CF758E00BB0EA6 /* Sources */,
				BAEFF21527CF758E00BB0EA6 /* Frameworks */,
				BAEFF21627CF758E00BB0EA6 /* Resources */,
			);
			buildRules = (
			);
			dependencies = (
				BAEFF21A27CF758E00BB0EA6 /* PBXTargetDependency */,
			);
			name = testAppTests;
			productName = testAppTests;
			productReference = BAEFF21827CF758E00BB0EA6 /* testAppTests.xctest */;
			productType = "com.apple.product-type.bundle.unit-test";
		};
		BAEFF22127CF758E00BB0EA6 /* testAppUITests */ = {
			isa = PBXNativeTarget;
			buildConfigurationList = BAEFF23227CF758E00BB0EA6 /* Build configuration list for PBXNativeTarget "testAppUITests" */;
			buildPhases = (
				BAEFF21E27CF758E00BB0EA6 /* Sources */,
				BAEFF21F27CF758E00BB0EA6 /* Frameworks */,
				BAEFF22027CF758E00BB0EA6 /* Resources */,
			);
			buildRules = (
			);
			dependencies = (
				BAEFF22427CF758E00BB0EA6 /* PBXTargetDependency */,
			);
			name = testAppUITests;
			productName = testAppUITests;
			productReference = BAEFF22227CF758E00BB0EA6 /* testAppUITests.xctest */;
			productType = "com.apple.product-type.bundle.ui-testing";
		};
/* End PBXNativeTarget section */

/* Begin PBXProject section */
		BAEFF1FB27CF758C00BB0EA6 /* Project object */ = {
			isa = PBXProject;
			attributes = {
				BuildIndependentTargetsInParallel = 1;
				LastSwiftUpdateCheck = 1320;
				LastUpgradeCheck = 1320;
				TargetAttributes = {
					BAEFF20227CF758C00BB0EA6 = {
						CreatedOnToolsVersion = 13.2.1;
					};
					BAEFF21727CF758E00BB0EA6 = {
						CreatedOnToolsVersion = 13.2.1;
						TestTargetID = BAEFF20227CF758C00BB0EA6;
					};
					BAEFF22127CF758E00BB0EA6 = {
						CreatedOnToolsVersion = 13.2.1;
						TestTargetID = BAEFF20227CF758C00BB0EA6;
					};
				};
			};
			buildConfigurationList = BAEFF1FE27CF758C00BB0EA6 /* Build configuration list for PBXProject "testApp" */;
			compatibilityVersion = "Xcode 13.0";
			developmentRegion = en;
			hasScannedForEncodings = 0;
			knownRegions = (
				en,
				Base,
			);
			mainGroup = BAEFF1FA27CF758C00BB0EA6;
			productRefGroup = BAEFF20427CF758C00BB0EA6 /* Products */;
			projectDirPath = "";
			projectRoot = "";
			targets = (
				BAEFF20227CF758C00BB0EA6 /* testApp */,
				BAEFF21727CF758E00BB0EA6 /* testAppTests */,
				BAEFF22127CF758E00BB0EA6 /* testAppUITests */,
			);
		};
/* End PBXProject section */

/* Begin PBXResourcesBuildPhase section */
		BAEFF20127CF758C00BB0EA6 /* Resources */ = {
			isa = PBXResourcesBuildPhase;
			buildActionMask = 2147483647;
			files = (
				BAEFF21327CF758E00BB0EA6 /* LaunchScreen.storyboard in Resources */,
				BAEFF21027CF758E00BB0EA6 /* Assets.xcassets in Resources */,
				BAEFF20E27CF758C00BB0EA6 /* Main.storyboard in Resources */,
			);
			runOnlyForDeploymentPostprocessing = 0;
		};
		BAEFF21627CF758E00BB0EA6 /* Resources */ = {
			isa = PBXResourcesBuildPhase;
			buildActionMask = 2147483647;
			files = (
			);
			runOnlyForDeploymentPostprocessing = 0;
		};
		BAEFF22027CF758E00BB0EA6 /* Resources */ = {
			isa = PBXResourcesBuildPhase;
			buildActionMask = 2147483647;
			files = (
			);
			runOnlyForDeploymentPostprocessing = 0;
		};
/* End PBXResourcesBuildPhase section */

/* Begin PBXSourcesBuildPhase section */
		BAEFF1FF27CF758C00BB0EA6 /* Sources */ = {
			isa = PBXSourcesBuildPhase;
			buildActionMask = 2147483647;
			files = (
				BAEFF23627CF769E00BB0EA6 /* PresentVC.swift in Sources */,
				BAEFF20927CF758C00BB0EA6 /* ViewController.swift in Sources */,
				BAEFF20727CF758C00BB0EA6 /* AppDelegate.swift in Sources */,
				BAEFF20B27CF758C00BB0EA6 /* Experience.rcproject in Sources */,
			);
			runOnlyForDeploymentPostprocessing = 0;
		};
		BAEFF21427CF758E00BB0EA6 /* Sources */ = {
			isa = PBXSourcesBuildPhase;
			buildActionMask = 2147483647;
			files = (
			);
			runOnlyForDeploymentPostprocessing = 0;
		};
		BAEFF21E27CF758E00BB0EA6 /* Sources */ = {
			isa = PBXSourcesBuildPhase;
			buildActionMask = 2147483647;
			files = (
			);
			runOnlyForDeploymentPostprocessing = 0;
		};
/* End PBXSourcesBuildPhase section */

/* Begin PBXTargetDependency section */
		BAEFF21A27CF758E00BB0EA6 /* PBXTargetDependency */ = {
			isa = PBXTargetDependency;
			target = BAEFF20227CF758C00BB0EA6 /* testApp */;
			targetProxy = BAEFF21927CF758E00BB0EA6 /* PBXContainerItemProxy */;
		};
		BAEFF22427CF758E00BB0EA6 /* PBXTargetDependency */ = {
			isa = PBXTargetDependency;
			target = BAEFF20227CF758C00BB0EA6 /* testApp */;
			targetProxy = BAEFF22327CF758E00BB0EA6 /* PBXContainerItemProxy */;
		};
/* End PBXTargetDependency section */

/* Begin PBXVariantGroup section */
		BAEFF20C27CF758C00BB0EA6 /* Main.storyboard */ = {
			isa = PBXVariantGroup;
			children = (
				BAEFF20D27CF758C00BB0EA6 /* Base */,
			);
			name = Main.storyboard;
			sourceTree = "<group>";
		};
		BAEFF21127CF758E00BB0EA6 /* LaunchScreen.storyboard */ = {
			isa = PBXVariantGroup;
			children = (
				BAEFF21227CF758E00BB0EA6 /* Base */,
			);
			name = LaunchScreen.storyboard;
			sourceTree = "<group>";
		};
/* End PBXVariantGroup section */

/* Begin XCBuildConfiguration section */
		BAEFF22A27CF758E00BB0EA6 /* Debug */ = {
			isa = XCBuildConfiguration;
			buildSettings = {
				ALWAYS_SEARCH_USER_PATHS = NO;
				CLANG_ANALYZER_NONNULL = YES;
				CLANG_ANALYZER_NUMBER_OBJECT_CONVERSION = YES_AGGRESSIVE;
				CLANG_CXX_LANGUAGE_STANDARD = "gnu++17";
				CLANG_CXX_LIBRARY = "libc++";
				CLANG_ENABLE_MODULES = YES;
				CLANG_ENABLE_OBJC_ARC = YES;
				CLANG_ENABLE_OBJC_WEAK = YES;
				CLANG_WARN_BLOCK_CAPTURE_AUTORELEASING = YES;
				CLANG_WARN_BOOL_CONVERSION = YES;
				CLANG_WARN_COMMA = YES;
				CLANG_WARN_CONSTANT_CONVERSION = YES;
				CLANG_WARN_DEPRECATED_OBJC_IMPLEMENTATIONS = YES;
				CLANG_WARN_DIRECT_OBJC_ISA_USAGE = YES_ERROR;
				CLANG_WARN_DOCUMENTATION_COMMENTS = YES;
				CLANG_WARN_EMPTY_BODY = YES;
				CLANG_WARN_ENUM_CONVERSION = YES;
				CLANG_WARN_INFINITE_RECURSION = YES;
				CLANG_WARN_INT_CONVERSION = YES;
				CLANG_WARN_NON_LITERAL_NULL_CONVERSION = YES;
				CLANG_WARN_OBJC_IMPLICIT_RETAIN_SELF = YES;
				CLANG_WARN_OBJC_LITERAL_CONVERSION = YES;
				CLANG_WARN_OBJC_ROOT_CLASS = YES_ERROR;
				CLANG_WARN_QUOTED_INCLUDE_IN_FRAMEWORK_HEADER = YES;
				CLANG_WARN_RANGE_LOOP_ANALYSIS = YES;
				CLANG_WARN_STRICT_PROTOTYPES = YES;
				CLANG_WARN_SUSPICIOUS_MOVE = YES;
				CLANG_WARN_UNGUARDED_AVAILABILITY = YES_AGGRESSIVE;
				CLANG_WARN_UNREACHABLE_CODE = YES;
				CLANG_WARN__DUPLICATE_METHOD_MATCH = YES;
				COPY_PHASE_STRIP = NO;
				DEBUG_INFORMATION_FORMAT = dwarf;
				ENABLE_STRICT_OBJC_MSGSEND = YES;
				ENABLE_TESTABILITY = YES;
				GCC_C_LANGUAGE_STANDARD = gnu11;
				GCC_DYNAMIC_NO_PIC = NO;
				GCC_NO_COMMON_BLOCKS = YES;
				GCC_OPTIMIZATION_LEVEL = 0;
				GCC_PREPROCESSOR_DEFINITIONS = (
					"DEBUG=1",
					"$(inherited)",
				);
				GCC_WARN_64_TO_32_BIT_CONVERSION = YES;
				GCC_WARN_ABOUT_RETURN_TYPE = YES_ERROR;
				GCC_WARN_UNDECLARED_SELECTOR = YES;
				GCC_WARN_UNINITIALIZED_AUTOS = YES_AGGRESSIVE;
				GCC_WARN_UNUSED_FUNCTION = YES;
				GCC_WARN_UNUSED_VARIABLE = YES;
				IPHONEOS_DEPLOYMENT_TARGET = 15.2;
				MTL_ENABLE_DEBUG_INFO = INCLUDE_SOURCE;
				MTL_FAST_MATH = YES;
				ONLY_ACTIVE_ARCH = YES;
				SDKROOT = iphoneos;
				SWIFT_ACTIVE_COMPILATION_CONDITIONS = DEBUG;
				SWIFT_OPTIMIZATION_LEVEL = "-Onone";
			};
			name = Debug;
		};
		BAEFF22B27CF758E00BB0EA6 /* Release */ = {
			isa = XCBuildConfiguration;
			buildSettings = {
				ALWAYS_SEARCH_USER_PATHS = NO;
				CLANG_ANALYZER_NONNULL = YES;
				CLANG_ANALYZER_NUMBER_OBJECT_CONVERSION = YES_AGGRESSIVE;
				CLANG_CXX_LANGUAGE_STANDARD = "gnu++17";
				CLANG_CXX_LIBRARY = "libc++";
				CLANG_ENABLE_MODULES = YES;
				CLANG_ENABLE_OBJC_ARC = YES;
				CLANG_ENABLE_OBJC_WEAK = YES;
				CLANG_WARN_BLOCK_CAPTURE_AUTORELEASING = YES;
				CLANG_WARN_BOOL_CONVERSION = YES;
				CLANG_WARN_COMMA = YES;
				CLANG_WARN_CONSTANT_CONVERSION = YES;
				CLANG_WARN_DEPRECATED_OBJC_IMPLEMENTATIONS = YES;
				CLANG_WARN_DIRECT_OBJC_ISA_USAGE = YES_ERROR;
				CLANG_WARN_DOCUMENTATION_COMMENTS = YES;
				CLANG_WARN_EMPTY_BODY = YES;
				CLANG_WARN_ENUM_CONVERSION = YES;
				CLANG_WARN_INFINITE_RECURSION = YES;
				CLANG_WARN_INT_CONVERSION = YES;
				CLANG_WARN_NON_LITERAL_NULL_CONVERSION = YES;
				CLANG_WARN_OBJC_IMPLICIT_RETAIN_SELF = YES;
				CLANG_WARN_OBJC_LITERAL_CONVERSION = YES;
				CLANG_WARN_OBJC_ROOT_CLASS = YES_ERROR;
				CLANG_WARN_QUOTED_INCLUDE_IN_FRAMEWORK_HEADER = YES;
				CLANG_WARN_RANGE_LOOP_ANALYSIS = YES;
				CLANG_WARN_STRICT_PROTOTYPES = YES;
				CLANG_WARN_SUSPICIOUS_MOVE = YES;
				CLANG_WARN_UNGUARDED_AVAILABILITY = YES_AGGRESSIVE;
				CLANG_WARN_UNREACHABLE_CODE = YES;
				CLANG_WARN__DUPLICATE_METHOD_MATCH = YES;
				COPY_PHASE_STRIP = NO;
				DEBUG_INFORMATION_FORMAT = "dwarf-with-dsym";
				ENABLE_NS_ASSERTIONS = NO;
				ENABLE_STRICT_OBJC_MSGSEND = YES;
				GCC_C_LANGUAGE_STANDARD = gnu11;
				GCC_NO_COMMON_BLOCKS = YES;
				GCC_WARN_64_TO_32_BIT_CONVERSION = YES;
				GCC_WARN_ABOUT_RETURN_TYPE = YES_ERROR;
				GCC_WARN_UNDECLARED_SELECTOR = YES;
				GCC_WARN_UNINITIALIZED_AUTOS = YES_AGGRESSIVE;
				GCC_WARN_UNUSED_FUNCTION = YES;
				GCC_WARN_UNUSED_VARIABLE = YES;
				IPHONEOS_DEPLOYMENT_TARGET = 15.2;
				MTL_ENABLE_DEBUG_INFO = NO;
				MTL_FAST_MATH = YES;
				SDKROOT = iphoneos;
				SWIFT_COMPILATION_MODE = wholemodule;
				SWIFT_OPTIMIZATION_LEVEL = "-O";
				VALIDATE_PRODUCT = YES;
			};
			name = Release;
		};
		BAEFF22D27CF758E00BB0EA6 /* Debug */ = {
			isa = XCBuildConfiguration;
			buildSettings = {
				ASSETCATALOG_COMPILER_APPICON_NAME = AppIcon;
				ASSETCATALOG_COMPILER_GLOBAL_ACCENT_COLOR_NAME = AccentColor;
				CODE_SIGN_STYLE = Automatic;
				CURRENT_PROJECT_VERSION = 1;
				DEVELOPMENT_TEAM = M68PAW62J5;
				GENERATE_INFOPLIST_FILE = YES;
				INFOPLIST_KEY_NSCameraUsageDescription = "";
				INFOPLIST_KEY_UIApplicationSupportsIndirectInputEvents = YES;
				INFOPLIST_KEY_UILaunchStoryboardName = LaunchScreen;
				INFOPLIST_KEY_UIMainStoryboardFile = Main;
				INFOPLIST_KEY_UIRequiredDeviceCapabilities = arkit;
				INFOPLIST_KEY_UIStatusBarHidden = YES;
				INFOPLIST_KEY_UISupportedInterfaceOrientations_iPad = "UIInterfaceOrientationPortrait UIInterfaceOrientationPortraitUpsideDown UIInterfaceOrientationLandscapeLeft UIInterfaceOrientationLandscapeRight";
				INFOPLIST_KEY_UISupportedInterfaceOrientations_iPhone = "UIInterfaceOrientationPortrait UIInterfaceOrientationLandscapeLeft UIInterfaceOrientationLandscapeRight";
				LD_RUNPATH_SEARCH_PATHS = (
					"$(inherited)",
					"@executable_path/Frameworks",
				);
				MARKETING_VERSION = 1.0;
				PRODUCT_BUNDLE_IDENTIFIER = itron.itronday.testApp;
				PRODUCT_NAME = "$(TARGET_NAME)";
				SWIFT_EMIT_LOC_STRINGS = YES;
				SWIFT_VERSION = 5.0;
				TARGETED_DEVICE_FAMILY = "1,2";
			};
			name = Debug;
		};
		BAEFF22E27CF758E00BB0EA6 /* Release */ = {
			isa = XCBuildConfiguration;
			buildSettings = {
				ASSETCATALOG_COMPILER_APPICON_NAME = AppIcon;
				ASSETCATALOG_COMPILER_GLOBAL_ACCENT_COLOR_NAME = AccentColor;
				CODE_SIGN_STYLE = Automatic;
				CURRENT_PROJECT_VERSION = 1;
				DEVELOPMENT_TEAM = M68PAW62J5;
				GENERATE_INFOPLIST_FILE = YES;
				INFOPLIST_KEY_NSCameraUsageDescription = "";
				INFOPLIST_KEY_UIApplicationSupportsIndirectInputEvents = YES;
				INFOPLIST_KEY_UILaunchStoryboardName = LaunchScreen;
				INFOPLIST_KEY_UIMainStoryboardFile = Main;
				INFOPLIST_KEY_UIRequiredDeviceCapabilities = arkit;
				INFOPLIST_KEY_UIStatusBarHidden = YES;
				INFOPLIST_KEY_UISupportedInterfaceOrientations_iPad = "UIInterfaceOrientationPortrait UIInterfaceOrientationPortraitUpsideDown UIInterfaceOrientationLandscapeLeft UIInterfaceOrientationLandscapeRight";
				INFOPLIST_KEY_UISupportedInterfaceOrientations_iPhone = "UIInterfaceOrientationPortrait UIInterfaceOrientationLandscapeLeft UIInterfaceOrientationLandscapeRight";
				LD_RUNPATH_SEARCH_PATHS = (
					"$(inherited)",
					"@executable_path/Frameworks",
				);
				MARKETING_VERSION = 1.0;
				PRODUCT_BUNDLE_IDENTIFIER = itron.itronday.testApp;
				PRODUCT_NAME = "$(TARGET_NAME)";
				SWIFT_EMIT_LOC_STRINGS = YES;
				SWIFT_VERSION = 5.0;
				TARGETED_DEVICE_FAMILY = "1,2";
			};
			name = Release;
		};
		BAEFF23027CF758E00BB0EA6 /* Debug */ = {
			isa = XCBuildConfiguration;
			buildSettings = {
				ALWAYS_EMBED_SWIFT_STANDARD_LIBRARIES = YES;
				BUNDLE_LOADER = "$(TEST_HOST)";
				CODE_SIGN_STYLE = Automatic;
				CURRENT_PROJECT_VERSION = 1;
				DEVELOPMENT_TEAM = M68PAW62J5;
				GENERATE_INFOPLIST_FILE = YES;
				IPHONEOS_DEPLOYMENT_TARGET = 15.2;
				MARKETING_VERSION = 1.0;
				PRODUCT_BUNDLE_IDENTIFIER = itron.itronday.testAppTests;
				PRODUCT_NAME = "$(TARGET_NAME)";
				SWIFT_EMIT_LOC_STRINGS = NO;
				SWIFT_VERSION = 5.0;
				TARGETED_DEVICE_FAMILY = "1,2";
				TEST_HOST = "$(BUILT_PRODUCTS_DIR)/testApp.app/testApp";
			};
			name = Debug;
		};
		BAEFF23127CF758E00BB0EA6 /* Release */ = {
			isa = XCBuildConfiguration;
			buildSettings = {
				ALWAYS_EMBED_SWIFT_STANDARD_LIBRARIES = YES;
				BUNDLE_LOADER = "$(TEST_HOST)";
				CODE_SIGN_STYLE = Automatic;
				CURRENT_PROJECT_VERSION = 1;
				DEVELOPMENT_TEAM = M68PAW62J5;
				GENERATE_INFOPLIST_FILE = YES;
				IPHONEOS_DEPLOYMENT_TARGET = 15.2;
				MARKETING_VERSION = 1.0;
				PRODUCT_BUNDLE_IDENTIFIER = itron.itronday.testAppTests;
				PRODUCT_NAME = "$(TARGET_NAME)";
				SWIFT_EMIT_LOC_STRINGS = NO;
				SWIFT_VERSION = 5.0;
				TARGETED_DEVICE_FAMILY = "1,2";
				TEST_HOST = "$(BUILT_PRODUCTS_DIR)/testApp.app/testApp";
			};
			name = Release;
		};
		BAEFF23327CF758E00BB0EA6 /* Debug */ = {
			isa = XCBuildConfiguration;
			buildSettings = {
				ALWAYS_EMBED_SWIFT_STANDARD_LIBRARIES = YES;
				CODE_SIGN_STYLE = Automatic;
				CURRENT_PROJECT_VERSION = 1;
				DEVELOPMENT_TEAM = M68PAW62J5;
				GENERATE_INFOPLIST_FILE = YES;
				MARKETING_VERSION = 1.0;
				PRODUCT_BUNDLE_IDENTIFIER = itron.itronday.testAppUITests;
				PRODUCT_NAME = "$(TARGET_NAME)";
				SWIFT_EMIT_LOC_STRINGS = NO;
				SWIFT_VERSION = 5.0;
				TARGETED_DEVICE_FAMILY = "1,2";
				TEST_TARGET_NAME = testApp;
			};
			name = Debug;
		};
		BAEFF23427CF758E00BB0EA6 /* Release */ = {
			isa = XCBuildConfiguration;
			buildSettings = {
				ALWAYS_EMBED_SWIFT_STANDARD_LIBRARIES = YES;
				CODE_SIGN_STYLE = Automatic;
				CURRENT_PROJECT_VERSION = 1;
				DEVELOPMENT_TEAM = M68PAW62J5;
				GENERATE_INFOPLIST_FILE = YES;
				MARKETING_VERSION = 1.0;
				PRODUCT_BUNDLE_IDENTIFIER = itron.itronday.testAppUITests;
				PRODUCT_NAME = "$(TARGET_NAME)";
				SWIFT_EMIT_LOC_STRINGS = NO;
				SWIFT_VERSION = 5.0;
				TARGETED_DEVICE_FAMILY = "1,2";
				TEST_TARGET_NAME = testApp;
			};
			name = Release;
		};
/* End XCBuildConfiguration section */

/* Begin XCConfigurationList section */
		BAEFF1FE27CF758C00BB0EA6 /* Build configuration list for PBXProject "testApp" */ = {
			isa = XCConfigurationList;
			buildConfigurations = (
				BAEFF22A27CF758E00BB0EA6 /* Debug */,
				BAEFF22B27CF758E00BB0EA6 /* Release */,
			);
			defaultConfigurationIsVisible = 0;
			defaultConfigurationName = Release;
		};
		BAEFF22C27CF758E00BB0EA6 /* Build configuration list for PBXNativeTarget "testApp" */ = {
			isa = XCConfigurationList;
			buildConfigurations = (
				BAEFF22D27CF758E00BB0EA6 /* Debug */,
				BAEFF22E27CF758E00BB0EA6 /* Release */,
			);
			defaultConfigurationIsVisible = 0;
			defaultConfigurationName = Release;
		};
		BAEFF22F27CF758E00BB0EA6 /* Build configuration list for PBXNativeTarget "testAppTests" */ = {
			isa = XCConfigurationList;
			buildConfigurations = (
				BAEFF23027CF758E00BB0EA6 /* Debug */,
				BAEFF23127CF758E00BB0EA6 /* Release */,
			);
			defaultConfigurationIsVisible = 0;
			defaultConfigurationName = Release;
		};
		BAEFF23227CF758E00BB0EA6 /* Build configuration list for PBXNativeTarget "testAppUITests" */ = {
			isa = XCConfigurationList;
			buildConfigurations = (
				BAEFF23327CF758E00BB0EA6 /* Debug */,
				BAEFF23427CF758E00BB0EA6 /* Release */,
			);
			defaultConfigurationIsVisible = 0;
			defaultConfigurationName = Release;
		};
/* End XCConfigurationList section */
	};
	rootObject = BAEFF1FB27CF758C00BB0EA6 /* Project object */;
}
